
Microsoft Visual Studio Solution File, Format Version 12.00
# Visual Studio Version 17
VisualStudioVersion = 17.10.35027.167
MinimumVisualStudioVersion = 10.0.40219.1
Project("{FAE04EC0-301F-11D3-BF4B-00C04F79EFBC}") = "HomeWork6", "HomeWork6.csproj", "{6633B674-BCB5-4A79-AC81-086EE3CB382A}"
EndProject
Global
	GlobalSection(SolutionConfigurationPlatforms) = preSolution
		Debug|Any CPU = Debug|Any CPU
		Release|Any CPU = Release|Any CPU
	EndGlobalSection
	GlobalSection(ProjectConfigurationPlatforms) = postSolution
		{6633B674-BCB5-4A79-AC81-086EE3CB382A}.Debug|Any CPU.ActiveCfg = Debug|Any CPU
		{6633B674-BCB5-4A79-AC81-086EE3CB382A}.Debug|Any CPU.Build.0 = Debug|Any CPU
		{6633B674-BCB5-4A79-AC81-086EE3CB382A}.Release|Any CPU.ActiveCfg = Release|Any CPU
		{6633B674-BCB5-4A79-AC81-086EE3CB382A}.Release|Any CPU.Build.0 = Release|Any CPU
	EndGlobalSection
	GlobalSection(SolutionProperties) = preSolution
		HideSolutionNode = FALSE
	EndGlobalSection
	GlobalSection(ExtensibilityGlobals) = postSolution
		SolutionGuid = {A9D27853-7119-499D-A2AD-E5701ACC57F9}
	EndGlobalSection
EndGlobal
